// !$*UTF8*$!
{
	archiveVersion = 1;
	classes = {
	};
	objectVersion = 56;
	objects = {

/* Begin PBXBuildFile section */
		4D59BC332B62A76700EEFB7B /* Assets.xcassets in Resources */ = {isa = PBXBuildFile; fileRef = 4D59BC322B62A76700EEFB7B /* Assets.xcassets */; };
		4DEF06152B6292D600539AEC /* LandmarksApp.swift in Sources */ = {isa = PBXBuildFile; fileRef = 4DEF06142B6292D600539AEC /* LandmarksApp.swift */; };
		4DEF061C2B6292D800539AEC /* Preview Assets.xcassets in Resources */ = {isa = PBXBuildFile; fileRef = 4DEF061B2B6292D800539AEC /* Preview Assets.xcassets */; };
		4DEF06372B6292FD00539AEC /* LandmarkList.swift in Sources */ = {isa = PBXBuildFile; fileRef = 4DEF06252B6292FD00539AEC /* LandmarkList.swift */; };
		4DEF06382B6292FD00539AEC /* LandmarkDetail.swift in Sources */ = {isa = PBXBuildFile; fileRef = 4DEF06262B6292FD00539AEC /* LandmarkDetail.swift */; };
		4DEF06392B6292FD00539AEC /* LandmarkRow.swift in Sources */ = {isa = PBXBuildFile; fileRef = 4DEF06272B6292FD00539AEC /* LandmarkRow.swift */; };
		4DEF063A2B6292FD00539AEC /* CategoryItem.swift in Sources */ = {isa = PBXBuildFile; fileRef = 4DEF06292B6292FD00539AEC /* CategoryItem.swift */; };
		4DEF063B2B6292FD00539AEC /* CategoryHome.swift in Sources */ = {isa = PBXBuildFile; fileRef = 4DEF062A2B6292FD00539AEC /* CategoryHome.swift */; };
		4DEF063C2B6292FD00539AEC /* CategoryRow.swift in Sources */ = {isa = PBXBuildFile; fileRef = 4DEF062B2B6292FD00539AEC /* CategoryRow.swift */; };
		4DEF063D2B6292FD00539AEC /* ContentView.swift in Sources */ = {isa = PBXBuildFile; fileRef = 4DEF062C2B6292FD00539AEC /* ContentView.swift */; };
		4DEF063E2B6292FD00539AEC /* MapView.swift in Sources */ = {isa = PBXBuildFile; fileRef = 4DEF062E2B6292FD00539AEC /* MapView.swift */; };
		4DEF063F2B6292FD00539AEC /* FavoriteBtn.swift in Sources */ = {isa = PBXBuildFile; fileRef = 4DEF062F2B6292FD00539AEC /* FavoriteBtn.swift */; };
		4DEF06402B6292FD00539AEC /* ImageView.swift in Sources */ = {isa = PBXBuildFile; fileRef = 4DEF06302B6292FD00539AEC /* ImageView.swift */; };
		4DEF06412B6292FD00539AEC /* landmarkData.json in Resources */ = {isa = PBXBuildFile; fileRef = 4DEF06322B6292FD00539AEC /* landmarkData.json */; };
		4DEF06422B6292FD00539AEC /* ModelData.swift in Sources */ = {isa = PBXBuildFile; fileRef = 4DEF06342B6292FD00539AEC /* ModelData.swift */; };
		4DEF06432B6292FD00539AEC /* Landmark.swift in Sources */ = {isa = PBXBuildFile; fileRef = 4DEF06352B6292FD00539AEC /* Landmark.swift */; };
		4DEF064F2B62939100539AEC /* Assets.xcassets in Resources */ = {isa = PBXBuildFile; fileRef = 4DEF064E2B62939100539AEC /* Assets.xcassets */; };
		4DEF06522B62939100539AEC /* Preview Assets.xcassets in Resources */ = {isa = PBXBuildFile; fileRef = 4DEF06512B62939100539AEC /* Preview Assets.xcassets */; };
		4DEF06572B62955D00539AEC /* landmarkData.json in Resources */ = {isa = PBXBuildFile; fileRef = 4DEF06322B6292FD00539AEC /* landmarkData.json */; };
		4DEF06582B62955D00539AEC /* MapView.swift in Sources */ = {isa = PBXBuildFile; fileRef = 4DEF062E2B6292FD00539AEC /* MapView.swift */; };
		4DEF06592B62955D00539AEC /* Landmark.swift in Sources */ = {isa = PBXBuildFile; fileRef = 4DEF06352B6292FD00539AEC /* Landmark.swift */; };
		4DEF065A2B62955D00539AEC /* LandmarkList.swift in Sources */ = {isa = PBXBuildFile; fileRef = 4DEF06252B6292FD00539AEC /* LandmarkList.swift */; };
		4DEF065C2B62955D00539AEC /* ModelData.swift in Sources */ = {isa = PBXBuildFile; fileRef = 4DEF06342B6292FD00539AEC /* ModelData.swift */; };
		4DEF065D2B62955D00539AEC /* LandmarkRow.swift in Sources */ = {isa = PBXBuildFile; fileRef = 4DEF06272B6292FD00539AEC /* LandmarkRow.swift */; };
		4DEF065E2B62955D00539AEC /* ImageView.swift in Sources */ = {isa = PBXBuildFile; fileRef = 4DEF06302B6292FD00539AEC /* ImageView.swift */; };
		4DEF065F2B62955D00539AEC /* LandmarksApp.swift in Sources */ = {isa = PBXBuildFile; fileRef = 4DEF06142B6292D600539AEC /* LandmarksApp.swift */; };
		4DEF06602B62955D00539AEC /* FavoriteBtn.swift in Sources */ = {isa = PBXBuildFile; fileRef = 4DEF062F2B6292FD00539AEC /* FavoriteBtn.swift */; };
		4DEF06622B6295B900539AEC /* ContentView.swift in Sources */ = {isa = PBXBuildFile; fileRef = 4DEF06612B6295B900539AEC /* ContentView.swift */; };
		4DEF06642B6296A700539AEC /* LandmarkDetail.swift in Sources */ = {isa = PBXBuildFile; fileRef = 4DEF06632B6296A700539AEC /* LandmarkDetail.swift */; };
		4DEF06692B62A42400539AEC /* LandmarkCommands.swift in Sources */ = {isa = PBXBuildFile; fileRef = 4DEF06682B62A42400539AEC /* LandmarkCommands.swift */; };
		4DEF066A2B62A42400539AEC /* LandmarkCommands.swift in Sources */ = {isa = PBXBuildFile; fileRef = 4DEF06682B62A42400539AEC /* LandmarkCommands.swift */; };
/* End PBXBuildFile section */

/* Begin PBXFileReference section */
		4D59BC322B62A76700EEFB7B /* Assets.xcassets */ = {isa = PBXFileReference; lastKnownFileType = folder.assetcatalog; path = Assets.xcassets; sourceTree = "<group>"; };
		4DEF06112B6292D600539AEC /* Landmarks.app */ = {isa = PBXFileReference; explicitFileType = wrapper.application; includeInIndex = 0; path = Landmarks.app; sourceTree = BUILT_PRODUCTS_DIR; };
		4DEF06142B6292D600539AEC /* LandmarksApp.swift */ = {isa = PBXFileReference; lastKnownFileType = sourcecode.swift; path = LandmarksApp.swift; sourceTree = "<group>"; };
		4DEF061B2B6292D800539AEC /* Preview Assets.xcassets */ = {isa = PBXFileReference; lastKnownFileType = folder.assetcatalog; path = "Preview Assets.xcassets"; sourceTree = "<group>"; };
		4DEF06252B6292FD00539AEC /* LandmarkList.swift */ = {isa = PBXFileReference; fileEncoding = 4; lastKnownFileType = sourcecode.swift; path = LandmarkList.swift; sourceTree = "<group>"; };
		4DEF06262B6292FD00539AEC /* LandmarkDetail.swift */ = {isa = PBXFileReference; fileEncoding = 4; lastKnownFileType = sourcecode.swift; path = LandmarkDetail.swift; sourceTree = "<group>"; };
		4DEF06272B6292FD00539AEC /* LandmarkRow.swift */ = {isa = PBXFileReference; fileEncoding = 4; lastKnownFileType = sourcecode.swift; path = LandmarkRow.swift; sourceTree = "<group>"; };
		4DEF06292B6292FD00539AEC /* CategoryItem.swift */ = {isa = PBXFileReference; fileEncoding = 4; lastKnownFileType = sourcecode.swift; path = CategoryItem.swift; sourceTree = "<group>"; };
		4DEF062A2B6292FD00539AEC /* CategoryHome.swift */ = {isa = PBXFileReference; fileEncoding = 4; lastKnownFileType = sourcecode.swift; path = CategoryHome.swift; sourceTree = "<group>"; };
		4DEF062B2B6292FD00539AEC /* CategoryRow.swift */ = {isa = PBXFileReference; fileEncoding = 4; lastKnownFileType = sourcecode.swift; path = CategoryRow.swift; sourceTree = "<group>"; };
		4DEF062C2B6292FD00539AEC /* ContentView.swift */ = {isa = PBXFileReference; fileEncoding = 4; lastKnownFileType = sourcecode.swift; path = ContentView.swift; sourceTree = "<group>"; };
		4DEF062E2B6292FD00539AEC /* MapView.swift */ = {isa = PBXFileReference; fileEncoding = 4; lastKnownFileType = sourcecode.swift; path = MapView.swift; sourceTree = "<group>"; };
		4DEF062F2B6292FD00539AEC /* FavoriteBtn.swift */ = {isa = PBXFileReference; fileEncoding = 4; lastKnownFileType = sourcecode.swift; path = FavoriteBtn.swift; sourceTree = "<group>"; };
		4DEF06302B6292FD00539AEC /* ImageView.swift */ = {isa = PBXFileReference; fileEncoding = 4; lastKnownFileType = sourcecode.swift; path = ImageView.swift; sourceTree = "<group>"; };
		4DEF06322B6292FD00539AEC /* landmarkData.json */ = {isa = PBXFileReference; fileEncoding = 4; lastKnownFileType = text.json; path = landmarkData.json; sourceTree = "<group>"; };
		4DEF06342B6292FD00539AEC /* ModelData.swift */ = {isa = PBXFileReference; fileEncoding = 4; lastKnownFileType = sourcecode.swift; path = ModelData.swift; sourceTree = "<group>"; };
		4DEF06352B6292FD00539AEC /* Landmark.swift */ = {isa = PBXFileReference; fileEncoding = 4; lastKnownFileType = sourcecode.swift; path = Landmark.swift; sourceTree = "<group>"; };
		4DEF06482B62939000539AEC /* MacLandmarks.app */ = {isa = PBXFileReference; explicitFileType = wrapper.application; includeInIndex = 0; path = MacLandmarks.app; sourceTree = BUILT_PRODUCTS_DIR; };
		4DEF064E2B62939100539AEC /* Assets.xcassets */ = {isa = PBXFileReference; lastKnownFileType = folder.assetcatalog; path = Assets.xcassets; sourceTree = "<group>"; };
		4DEF06512B62939100539AEC /* Preview Assets.xcassets */ = {isa = PBXFileReference; lastKnownFileType = folder.assetcatalog; path = "Preview Assets.xcassets"; sourceTree = "<group>"; };
		4DEF06532B62939100539AEC /* MacLandmarks.entitlements */ = {isa = PBXFileReference; lastKnownFileType = text.plist.entitlements; path = MacLandmarks.entitlements; sourceTree = "<group>"; };
		4DEF06612B6295B900539AEC /* ContentView.swift */ = {isa = PBXFileReference; fileEncoding = 4; lastKnownFileType = sourcecode.swift; path = ContentView.swift; sourceTree = "<group>"; };
		4DEF06632B6296A700539AEC /* LandmarkDetail.swift */ = {isa = PBXFileReference; lastKnownFileType = sourcecode.swift; path = LandmarkDetail.swift; sourceTree = "<group>"; };
		4DEF06682B62A42400539AEC /* LandmarkCommands.swift */ = {isa = PBXFileReference; lastKnownFileType = sourcecode.swift; path = LandmarkCommands.swift; sourceTree = "<group>"; };
/* End PBXFileReference section */

/* Begin PBXFrameworksBuildPhase section */
		4DEF060E2B6292D600539AEC /* Frameworks */ = {
			isa = PBXFrameworksBuildPhase;
			buildActionMask = 2147483647;
			files = (
			);
			runOnlyForDeploymentPostprocessing = 0;
		};
		4DEF06452B62939000539AEC /* Frameworks */ = {
			isa = PBXFrameworksBuildPhase;
			buildActionMask = 2147483647;
			files = (
			);
			runOnlyForDeploymentPostprocessing = 0;
		};
/* End PBXFrameworksBuildPhase section */

/* Begin PBXGroup section */
		4DEF06082B6292D600539AEC = {
			isa = PBXGroup;
			children = (
				4DEF06132B6292D600539AEC /* Landmarks */,
				4DEF06492B62939000539AEC /* MacLandmarks */,
				4DEF06122B6292D600539AEC /* Products */,
			);
			sourceTree = "<group>";
		};
		4DEF06122B6292D600539AEC /* Products */ = {
			isa = PBXGroup;
			children = (
				4DEF06112B6292D600539AEC /* Landmarks.app */,
				4DEF06482B62939000539AEC /* MacLandmarks.app */,
			);
			name = Products;
			sourceTree = "<group>";
		};
		4DEF06132B6292D600539AEC /* Landmarks */ = {
			isa = PBXGroup;
			children = (
				4D59BC322B62A76700EEFB7B /* Assets.xcassets */,
				4DEF06332B6292FD00539AEC /* Models */,
				4DEF06312B6292FD00539AEC /* Resources */,
				4DEF06232B6292FD00539AEC /* Views */,
				4DEF06142B6292D600539AEC /* LandmarksApp.swift */,
				4DEF061A2B6292D800539AEC /* Preview Content */,
			);
			path = Landmarks;
			sourceTree = "<group>";
		};
		4DEF061A2B6292D800539AEC /* Preview Content */ = {
			isa = PBXGroup;
			children = (
				4DEF061B2B6292D800539AEC /* Preview Assets.xcassets */,
			);
			path = "Preview Content";
			sourceTree = "<group>";
		};
		4DEF06232B6292FD00539AEC /* Views */ = {
			isa = PBXGroup;
			children = (
				4DEF06242B6292FD00539AEC /* Landmarks */,
				4DEF06282B6292FD00539AEC /* Categories */,
				4DEF062C2B6292FD00539AEC /* ContentView.swift */,
				4DEF062D2B6292FD00539AEC /* Helpers */,
			);
			path = Views;
			sourceTree = "<group>";
		};
		4DEF06242B6292FD00539AEC /* Landmarks */ = {
			isa = PBXGroup;
			children = (
				4DEF06252B6292FD00539AEC /* LandmarkList.swift */,
				4DEF06262B6292FD00539AEC /* LandmarkDetail.swift */,
				4DEF06272B6292FD00539AEC /* LandmarkRow.swift */,
			);
			path = Landmarks;
			sourceTree = "<group>";
		};
		4DEF06282B6292FD00539AEC /* Categories */ = {
			isa = PBXGroup;
			children = (
				4DEF06292B6292FD00539AEC /* CategoryItem.swift */,
				4DEF062A2B6292FD00539AEC /* CategoryHome.swift */,
				4DEF062B2B6292FD00539AEC /* CategoryRow.swift */,
			);
			path = Categories;
			sourceTree = "<group>";
		};
		4DEF062D2B6292FD00539AEC /* Helpers */ = {
			isa = PBXGroup;
			children = (
				4DEF062E2B6292FD00539AEC /* MapView.swift */,
				4DEF062F2B6292FD00539AEC /* FavoriteBtn.swift */,
				4DEF06302B6292FD00539AEC /* ImageView.swift */,
			);
			path = Helpers;
			sourceTree = "<group>";
		};
		4DEF06312B6292FD00539AEC /* Resources */ = {
			isa = PBXGroup;
			children = (
				4DEF06322B6292FD00539AEC /* landmarkData.json */,
			);
			path = Resources;
			sourceTree = "<group>";
		};
		4DEF06332B6292FD00539AEC /* Models */ = {
			isa = PBXGroup;
			children = (
				4DEF06342B6292FD00539AEC /* ModelData.swift */,
				4DEF06352B6292FD00539AEC /* Landmark.swift */,
			);
			path = Models;
			sourceTree = "<group>";
		};
		4DEF06492B62939000539AEC /* MacLandmarks */ = {
			isa = PBXGroup;
			children = (
				4DEF06612B6295B900539AEC /* ContentView.swift */,
				4DEF064E2B62939100539AEC /* Assets.xcassets */,
				4DEF06532B62939100539AEC /* MacLandmarks.entitlements */,
				4DEF06502B62939100539AEC /* Preview Content */,
				4DEF06632B6296A700539AEC /* LandmarkDetail.swift */,
				4DEF06682B62A42400539AEC /* LandmarkCommands.swift */,
			);
			path = MacLandmarks;
			sourceTree = "<group>";
		};
		4DEF06502B62939100539AEC /* Preview Content */ = {
			isa = PBXGroup;
			children = (
				4DEF06512B62939100539AEC /* Preview Assets.xcassets */,
			);
			path = "Preview Content";
			sourceTree = "<group>";
		};
/* End PBXGroup section */

/* Begin PBXNativeTarget section */
		4DEF06102B6292D600539AEC /* Landmarks */ = {
			isa = PBXNativeTarget;
			buildConfigurationList = 4DEF061F2B6292D800539AEC /* Build configuration list for PBXNativeTarget "Landmarks" */;
			buildPhases = (
				4DEF060D2B6292D600539AEC /* Sources */,
				4DEF060E2B6292D600539AEC /* Frameworks */,
				4DEF060F2B6292D600539AEC /* Resources */,
			);
			buildRules = (
			);
			dependencies = (
			);
			name = Landmarks;
			productName = Landmarks;
			productReference = 4DEF06112B6292D600539AEC /* Landmarks.app */;
			productType = "com.apple.product-type.application";
		};
		4DEF06472B62939000539AEC /* MacLandmarks */ = {
			isa = PBXNativeTarget;
			buildConfigurationList = 4DEF06542B62939100539AEC /* Build configuration list for PBXNativeTarget "MacLandmarks" */;
			buildPhases = (
				4DEF06442B62939000539AEC /* Sources */,
				4DEF06452B62939000539AEC /* Frameworks */,
				4DEF06462B62939000539AEC /* Resources */,
			);
			buildRules = (
			);
			dependencies = (
			);
			name = MacLandmarks;
			productName = MacLandmarks;
			productReference = 4DEF06482B62939000539AEC /* MacLandmarks.app */;
			productType = "com.apple.product-type.application";
		};
/* End PBXNativeTarget section */

/* Begin PBXProject section */
		4DEF06092B6292D600539AEC /* Project object */ = {
			isa = PBXProject;
			attributes = {
				BuildIndependentTargetsInParallel = 1;
				LastSwiftUpdateCheck = 1520;
				LastUpgradeCheck = 1520;
				TargetAttributes = {
					4DEF06102B6292D600539AEC = {
						CreatedOnToolsVersion = 15.2;
					};
					4DEF06472B62939000539AEC = {
						CreatedOnToolsVersion = 15.2;
					};
				};
			};
			buildConfigurationList = 4DEF060C2B6292D600539AEC /* Build configuration list for PBXProject "Landmarks" */;
			compatibilityVersion = "Xcode 14.0";
			developmentRegion = en;
			hasScannedForEncodings = 0;
			knownRegions = (
				en,
				Base,
			);
			mainGroup = 4DEF06082B6292D600539AEC;
			productRefGroup = 4DEF06122B6292D600539AEC /* Products */;
			projectDirPath = "";
			projectRoot = "";
			targets = (
				4DEF06102B6292D600539AEC /* Landmarks */,
				4DEF06472B62939000539AEC /* MacLandmarks */,
			);
		};
/* End PBXProject section */

/* Begin PBXResourcesBuildPhase section */
		4DEF060F2B6292D600539AEC /* Resources */ = {
			isa = PBXResourcesBuildPhase;
			buildActionMask = 2147483647;
			files = (
				4DEF061C2B6292D800539AEC /* Preview Assets.xcassets in Resources */,
				4DEF06412B6292FD00539AEC /* landmarkData.json in Resources */,
				4D59BC332B62A76700EEFB7B /* Assets.xcassets in Resources */,
			);
			runOnlyForDeploymentPostprocessing = 0;
		};
		4DEF06462B62939000539AEC /* Resources */ = {
			isa = PBXResourcesBuildPhase;
			buildActionMask = 2147483647;
			files = (
				4DEF06522B62939100539AEC /* Preview Assets.xcassets in Resources */,
				4DEF064F2B62939100539AEC /* Assets.xcassets in Resources */,
				4DEF06572B62955D00539AEC /* landmarkData.json in Resources */,
			);
			runOnlyForDeploymentPostprocessing = 0;
		};
/* End PBXResourcesBuildPhase section */

/* Begin PBXSourcesBuildPhase section */
		4DEF060D2B6292D600539AEC /* Sources */ = {
			isa = PBXSourcesBuildPhase;
			buildActionMask = 2147483647;
			files = (
				4DEF06402B6292FD00539AEC /* ImageView.swift in Sources */,
				4DEF06692B62A42400539AEC /* LandmarkCommands.swift in Sources */,
				4DEF06382B6292FD00539AEC /* LandmarkDetail.swift in Sources */,
				4DEF063B2B6292FD00539AEC /* CategoryHome.swift in Sources */,
				4DEF06422B6292FD00539AEC /* ModelData.swift in Sources */,
				4DEF063C2B6292FD00539AEC /* CategoryRow.swift in Sources */,
				4DEF06372B6292FD00539AEC /* LandmarkList.swift in Sources */,
				4DEF06432B6292FD00539AEC /* Landmark.swift in Sources */,
				4DEF063F2B6292FD00539AEC /* FavoriteBtn.swift in Sources */,
				4DEF063D2B6292FD00539AEC /* ContentView.swift in Sources */,
				4DEF06392B6292FD00539AEC /* LandmarkRow.swift in Sources */,
				4DEF063E2B6292FD00539AEC /* MapView.swift in Sources */,
				4DEF063A2B6292FD00539AEC /* CategoryItem.swift in Sources */,
				4DEF06152B6292D600539AEC /* LandmarksApp.swift in Sources */,
			);
			runOnlyForDeploymentPostprocessing = 0;
		};
		4DEF06442B62939000539AEC /* Sources */ = {
			isa = PBXSourcesBuildPhase;
			buildActionMask = 2147483647;
			files = (
				4DEF06602B62955D00539AEC /* FavoriteBtn.swift in Sources */,
				4DEF06582B62955D00539AEC /* MapView.swift in Sources */,
				4DEF066A2B62A42400539AEC /* LandmarkCommands.swift in Sources */,
				4DEF065D2B62955D00539AEC /* LandmarkRow.swift in Sources */,
				4DEF065F2B62955D00539AEC /* LandmarksApp.swift in Sources */,
				4DEF065C2B62955D00539AEC /* ModelData.swift in Sources */,
				4DEF06622B6295B900539AEC /* ContentView.swift in Sources */,
				4DEF06592B62955D00539AEC /* Landmark.swift in Sources */,
				4DEF065E2B62955D00539AEC /* ImageView.swift in Sources */,
				4DEF06642B6296A700539AEC /* LandmarkDetail.swift in Sources */,
				4DEF065A2B62955D00539AEC /* LandmarkList.swift in Sources */,
			);
			runOnlyForDeploymentPostprocessing = 0;
		};
/* End PBXSourcesBuildPhase section */

/* Begin XCBuildConfiguration section */
		4DEF061D2B6292D800539AEC /* Debug */ = {
			isa = XCBuildConfiguration;
			buildSettings = {
				ALWAYS_SEARCH_USER_PATHS = NO;
				ASSETCATALOG_COMPILER_GENERATE_SWIFT_ASSET_SYMBOL_EXTENSIONS = YES;
				CLANG_ANALYZER_NONNULL = YES;
				CLANG_ANALYZER_NUMBER_OBJECT_CONVERSION = YES_AGGRESSIVE;
				CLANG_CXX_LANGUAGE_STANDARD = "gnu++20";
				CLANG_ENABLE_MODULES = YES;
				CLANG_ENABLE_OBJC_ARC = YES;
				CLANG_ENABLE_OBJC_WEAK = YES;
				CLANG_WARN_BLOCK_CAPTURE_AUTORELEASING = YES;
				CLANG_WARN_BOOL_CONVERSION = YES;
				CLANG_WARN_COMMA = YES;
				CLANG_WARN_CONSTANT_CONVERSION = YES;
				CLANG_WARN_DEPRECATED_OBJC_IMPLEMENTATIONS = YES;
				CLANG_WARN_DIRECT_OBJC_ISA_USAGE = YES_ERROR;
				CLANG_WARN_DOCUMENTATION_COMMENTS = YES;
				CLANG_WARN_EMPTY_BODY = YES;
				CLANG_WARN_ENUM_CONVERSION = YES;
				CLANG_WARN_INFINITE_RECURSION = YES;
				CLANG_WARN_INT_CONVERSION = YES;
				CLANG_WARN_NON_LITERAL_NULL_CONVERSION = YES;
				CLANG_WARN_OBJC_IMPLICIT_RETAIN_SELF = YES;
				CLANG_WARN_OBJC_LITERAL_CONVERSION = YES;
				CLANG_WARN_OBJC_ROOT_CLASS = YES_ERROR;
				CLANG_WARN_QUOTED_INCLUDE_IN_FRAMEWORK_HEADER = YES;
				CLANG_WARN_RANGE_LOOP_ANALYSIS = YES;
				CLANG_WARN_STRICT_PROTOTYPES = YES;
				CLANG_WARN_SUSPICIOUS_MOVE = YES;
				CLANG_WARN_UNGUARDED_AVAILABILITY = YES_AGGRESSIVE;
				CLANG_WARN_UNREACHABLE_CODE = YES;
				CLANG_WARN__DUPLICATE_METHOD_MATCH = YES;
				COPY_PHASE_STRIP = NO;
				DEBUG_INFORMATION_FORMAT = dwarf;
				ENABLE_STRICT_OBJC_MSGSEND = YES;
				ENABLE_TESTABILITY = YES;
				ENABLE_USER_SCRIPT_SANDBOXING = YES;
				GCC_C_LANGUAGE_STANDARD = gnu17;
				GCC_DYNAMIC_NO_PIC = NO;
				GCC_NO_COMMON_BLOCKS = YES;
				GCC_OPTIMIZATION_LEVEL = 0;
				GCC_PREPROCESSOR_DEFINITIONS = (
					"DEBUG=1",
					"$(inherited)",
				);
				GCC_WARN_64_TO_32_BIT_CONVERSION = YES;
				GCC_WARN_ABOUT_RETURN_TYPE = YES_ERROR;
				GCC_WARN_UNDECLARED_SELECTOR = YES;
				GCC_WARN_UNINITIALIZED_AUTOS = YES_AGGRESSIVE;
				GCC_WARN_UNUSED_FUNCTION = YES;
				GCC_WARN_UNUSED_VARIABLE = YES;
				IPHONEOS_DEPLOYMENT_TARGET = 17.2;
				LOCALIZATION_PREFERS_STRING_CATALOGS = YES;
				MTL_ENABLE_DEBUG_INFO = INCLUDE_SOURCE;
				MTL_FAST_MATH = YES;
				ONLY_ACTIVE_ARCH = YES;
				SDKROOT = iphoneos;
				SWIFT_ACTIVE_COMPILATION_CONDITIONS = "DEBUG $(inherited)";
				SWIFT_OPTIMIZATION_LEVEL = "-Onone";
			};
			name = Debug;
		};
		4DEF061E2B6292D800539AEC /* Release */ = {
			isa = XCBuildConfiguration;
			buildSettings = {
				ALWAYS_SEARCH_USER_PATHS = NO;
				ASSETCATALOG_COMPILER_GENERATE_SWIFT_ASSET_SYMBOL_EXTENSIONS = YES;
				CLANG_ANALYZER_NONNULL = YES;
				CLANG_ANALYZER_NUMBER_OBJECT_CONVERSION = YES_AGGRESSIVE;
				CLANG_CXX_LANGUAGE_STANDARD = "gnu++20";
				CLANG_ENABLE_MODULES = YES;
				CLANG_ENABLE_OBJC_ARC = YES;
				CLANG_ENABLE_OBJC_WEAK = YES;
				CLANG_WARN_BLOCK_CAPTURE_AUTORELEASING = YES;
				CLANG_WARN_BOOL_CONVERSION = YES;
				CLANG_WARN_COMMA = YES;
				CLANG_WARN_CONSTANT_CONVERSION = YES;
				CLANG_WARN_DEPRECATED_OBJC_IMPLEMENTATIONS = YES;
				CLANG_WARN_DIRECT_OBJC_ISA_USAGE = YES_ERROR;
				CLANG_WARN_DOCUMENTATION_COMMENTS = YES;
				CLANG_WARN_EMPTY_BODY = YES;
				CLANG_WARN_ENUM_CONVERSION = YES;
				CLANG_WARN_INFINITE_RECURSION = YES;
				CLANG_WARN_INT_CONVERSION = YES;
				CLANG_WARN_NON_LITERAL_NULL_CONVERSION = YES;
				CLANG_WARN_OBJC_IMPLICIT_RETAIN_SELF = YES;
				CLANG_WARN_OBJC_LITERAL_CONVERSION = YES;
				CLANG_WARN_OBJC_ROOT_CLASS = YES_ERROR;
				CLANG_WARN_QUOTED_INCLUDE_IN_FRAMEWORK_HEADER = YES;
				CLANG_WARN_RANGE_LOOP_ANALYSIS = YES;
				CLANG_WARN_STRICT_PROTOTYPES = YES;
				CLANG_WARN_SUSPICIOUS_MOVE = YES;
				CLANG_WARN_UNGUARDED_AVAILABILITY = YES_AGGRESSIVE;
				CLANG_WARN_UNREACHABLE_CODE = YES;
				CLANG_WARN__DUPLICATE_METHOD_MATCH = YES;
				COPY_PHASE_STRIP = NO;
				DEBUG_INFORMATION_FORMAT = "dwarf-with-dsym";
				ENABLE_NS_ASSERTIONS = NO;
				ENABLE_STRICT_OBJC_MSGSEND = YES;
				ENABLE_USER_SCRIPT_SANDBOXING = YES;
				GCC_C_LANGUAGE_STANDARD = gnu17;
				GCC_NO_COMMON_BLOCKS = YES;
				GCC_WARN_64_TO_32_BIT_CONVERSION = YES;
				GCC_WARN_ABOUT_RETURN_TYPE = YES_ERROR;
				GCC_WARN_UNDECLARED_SELECTOR = YES;
				GCC_WARN_UNINITIALIZED_AUTOS = YES_AGGRESSIVE;
				GCC_WARN_UNUSED_FUNCTION = YES;
				GCC_WARN_UNUSED_VARIABLE = YES;
				IPHONEOS_DEPLOYMENT_TARGET = 17.2;
				LOCALIZATION_PREFERS_STRING_CATALOGS = YES;
				MTL_ENABLE_DEBUG_INFO = NO;
				MTL_FAST_MATH = YES;
				SDKROOT = iphoneos;
				SWIFT_COMPILATION_MODE = wholemodule;
				VALIDATE_PRODUCT = YES;
			};
			name = Release;
		};
		4DEF06202B6292D800539AEC /* Debug */ = {
			isa = XCBuildConfiguration;
			buildSettings = {
				ASSETCATALOG_COMPILER_APPICON_NAME = AppIcon;
				ASSETCATALOG_COMPILER_GLOBAL_ACCENT_COLOR_NAME = AccentColor;
				CODE_SIGN_STYLE = Automatic;
				CURRENT_PROJECT_VERSION = 1;
				DEVELOPMENT_ASSET_PATHS = "\"Landmarks/Preview Content\"";
				DEVELOPMENT_TEAM = Q8X23T587B;
				ENABLE_PREVIEWS = YES;
				GENERATE_INFOPLIST_FILE = YES;
				INFOPLIST_KEY_UIApplicationSceneManifest_Generation = YES;
				INFOPLIST_KEY_UIApplicationSupportsIndirectInputEvents = YES;
				INFOPLIST_KEY_UILaunchScreen_Generation = YES;
				INFOPLIST_KEY_UISupportedInterfaceOrientations_iPad = "UIInterfaceOrientationPortrait UIInterfaceOrientationPortraitUpsideDown UIInterfaceOrientationLandscapeLeft UIInterfaceOrientationLandscapeRight";
				INFOPLIST_KEY_UISupportedInterfaceOrientations_iPhone = "UIInterfaceOrientationPortrait UIInterfaceOrientationLandscapeLeft UIInterfaceOrientationLandscapeRight";
				LD_RUNPATH_SEARCH_PATHS = (
					"$(inherited)",
					"@executable_path/Frameworks",
				);
				MARKETING_VERSION = 1.0;
				PRODUCT_BUNDLE_IDENTIFIER = Weflex.Landmarks;
				PRODUCT_NAME = "$(TARGET_NAME)";
				SWIFT_EMIT_LOC_STRINGS = YES;
				SWIFT_VERSION = 5.0;
				TARGETED_DEVICE_FAMILY = "1,2";
			};
			name = Debug;
		};
		4DEF06212B6292D800539AEC /* Release */ = {
			isa = XCBuildConfiguration;
			buildSettings = {
				ASSETCATALOG_COMPILER_APPICON_NAME = AppIcon;
				ASSETCATALOG_COMPILER_GLOBAL_ACCENT_COLOR_NAME = AccentColor;
				CODE_SIGN_STYLE = Automatic;
				CURRENT_PROJECT_VERSION = 1;
				DEVELOPMENT_ASSET_PATHS = "\"Landmarks/Preview Content\"";
				DEVELOPMENT_TEAM = Q8X23T587B;
				ENABLE_PREVIEWS = YES;
				GENERATE_INFOPLIST_FILE = YES;
				INFOPLIST_KEY_UIApplicationSceneManifest_Generation = YES;
				INFOPLIST_KEY_UIApplicationSupportsIndirectInputEvents = YES;
				INFOPLIST_KEY_UILaunchScreen_Generation = YES;
				INFOPLIST_KEY_UISupportedInterfaceOrientations_iPad = "UIInterfaceOrientationPortrait UIInterfaceOrientationPortraitUpsideDown UIInterfaceOrientationLandscapeLeft UIInterfaceOrientationLandscapeRight";
				INFOPLIST_KEY_UISupportedInterfaceOrientations_iPhone = "UIInterfaceOrientationPortrait UIInterfaceOrientationLandscapeLeft UIInterfaceOrientationLandscapeRight";
				LD_RUNPATH_SEARCH_PATHS = (
					"$(inherited)",
					"@executable_path/Frameworks",
				);
				MARKETING_VERSION = 1.0;
				PRODUCT_BUNDLE_IDENTIFIER = Weflex.Landmarks;
				PRODUCT_NAME = "$(TARGET_NAME)";
				SWIFT_EMIT_LOC_STRINGS = YES;
				SWIFT_VERSION = 5.0;
				TARGETED_DEVICE_FAMILY = "1,2";
			};
			name = Release;
		};
		4DEF06552B62939100539AEC /* Debug */ = {
			isa = XCBuildConfiguration;
			buildSettings = {
				ASSETCATALOG_COMPILER_APPICON_NAME = AppIcon;
				ASSETCATALOG_COMPILER_GLOBAL_ACCENT_COLOR_NAME = AccentColor;
				CODE_SIGN_ENTITLEMENTS = MacLandmarks/MacLandmarks.entitlements;
				CODE_SIGN_STYLE = Automatic;
				COMBINE_HIDPI_IMAGES = YES;
				CURRENT_PROJECT_VERSION = 1;
				DEVELOPMENT_ASSET_PATHS = "\"MacLandmarks/Preview Content\"";
				DEVELOPMENT_TEAM = Q8X23T587B;
				ENABLE_HARDENED_RUNTIME = YES;
				ENABLE_PREVIEWS = YES;
				GENERATE_INFOPLIST_FILE = YES;
				INFOPLIST_KEY_NSHumanReadableCopyright = "";
				LD_RUNPATH_SEARCH_PATHS = (
					"$(inherited)",
					"@executable_path/../Frameworks",
				);
				MACOSX_DEPLOYMENT_TARGET = 14.2;
				MARKETING_VERSION = 1.0;
				PRODUCT_BUNDLE_IDENTIFIER = Weflex.MacLandmarks;
				PRODUCT_NAME = "$(TARGET_NAME)";
				SDKROOT = macosx;
				SUPPORTED_PLATFORMS = macosx;
				SUPPORTS_MACCATALYST = NO;
				SWIFT_EMIT_LOC_STRINGS = YES;
				SWIFT_VERSION = 5.0;
			};
			name = Debug;
		};
		4DEF06562B62939100539AEC /* Release */ = {
			isa = XCBuildConfiguration;
			buildSettings = {
				ASSETCATALOG_COMPILER_APPICON_NAME = AppIcon;
				ASSETCATALOG_COMPILER_GLOBAL_ACCENT_COLOR_NAME = AccentColor;
				CODE_SIGN_ENTITLEMENTS = MacLandmarks/MacLandmarks.entitlements;
				CODE_SIGN_STYLE = Automatic;
				COMBINE_HIDPI_IMAGES = YES;
				CURRENT_PROJECT_VERSION = 1;
				DEVELOPMENT_ASSET_PATHS = "\"MacLandmarks/Preview Content\"";
				DEVELOPMENT_TEAM = Q8X23T587B;
				ENABLE_HARDENED_RUNTIME = YES;
				ENABLE_PREVIEWS = YES;
				GENERATE_INFOPLIST_FILE = YES;
				INFOPLIST_KEY_NSHumanReadableCopyright = "";
				LD_RUNPATH_SEARCH_PATHS = (
					"$(inherited)",
					"@executable_path/../Frameworks",
				);
				MACOSX_DEPLOYMENT_TARGET = 14.2;
				MARKETING_VERSION = 1.0;
				PRODUCT_BUNDLE_IDENTIFIER = Weflex.MacLandmarks;
				PRODUCT_NAME = "$(TARGET_NAME)";
				SDKROOT = macosx;
				SUPPORTED_PLATFORMS = macosx;
				SUPPORTS_MACCATALYST = NO;
				SWIFT_EMIT_LOC_STRINGS = YES;
				SWIFT_VERSION = 5.0;
			};
			name = Release;
		};
/* End XCBuildConfiguration section */

/* Begin XCConfigurationList section */
		4DEF060C2B6292D600539AEC /* Build configuration list for PBXProject "Landmarks" */ = {
			isa = XCConfigurationList;
			buildConfigurations = (
				4DEF061D2B6292D800539AEC /* Debug */,
				4DEF061E2B6292D800539AEC /* Release */,
			);
			defaultConfigurationIsVisible = 0;
			defaultConfigurationName = Release;
		};
		4DEF061F2B6292D800539AEC /* Build configuration list for PBXNativeTarget "Landmarks" */ = {
			isa = XCConfigurationList;
			buildConfigurations = (
				4DEF06202B6292D800539AEC /* Debug */,
				4DEF06212B6292D800539AEC /* Release */,
			);
			defaultConfigurationIsVisible = 0;
			defaultConfigurationName = Release;
		};
		4DEF06542B62939100539AEC /* Build configuration list for PBXNativeTarget "MacLandmarks" */ = {
			isa = XCConfigurationList;
			buildConfigurations = (
				4DEF06552B62939100539AEC /* Debug */,
				4DEF06562B62939100539AEC /* Release */,
			);
			defaultConfigurationIsVisible = 0;
			defaultConfigurationName = Release;
		};
/* End XCConfigurationList section */
	};
	rootObject = 4DEF06092B6292D600539AEC /* Project object */;
}
